
Microsoft Visual Studio Solution File, Format Version 12.00
# Visual Studio Version 17
VisualStudioVersion = 17.3.32922.545
MinimumVisualStudioVersion = 10.0.40219.1
Project("{FAE04EC0-301F-11D3-BF4B-00C04F79EFBC}") = "PDFtools", "PDFtools\PDFtools.csproj", "{ABF3346A-5D73-48F4-A612-B2F52BD79FBF}"
EndProject
Project("{2150E333-8FDC-42A3-9474-1A3956D46DE8}") = "Solution Items", "Solution Items", "{0A7459FD-A1D4-4610-AA89-17AD74235675}"
	ProjectSection(SolutionItems) = preProject
		LICENSE_GS4Net = LICENSE_GS4Net
		LICENSE_PDFCPU.txt = LICENSE_PDFCPU.txt
		LICENSE_PDFtools = LICENSE_PDFtools
		README.md = README.md
	EndProjectSection
EndProject
Global
	GlobalSection(SolutionConfigurationPlatforms) = preSolution
		Debug|Any CPU = Debug|Any CPU
		Release|Any CPU = Release|Any CPU
	EndGlobalSection
	GlobalSection(ProjectConfigurationPlatforms) = postSolution
		{ABF3346A-5D73-48F4-A612-B2F52BD79FBF}.Debug|Any CPU.ActiveCfg = Debug|Any CPU
		{ABF3346A-5D73-48F4-A612-B2F52BD79FBF}.Debug|Any CPU.Build.0 = Debug|Any CPU
		{ABF3346A-5D73-48F4-A612-B2F52BD79FBF}.Release|Any CPU.ActiveCfg = Release|Any CPU
		{ABF3346A-5D73-48F4-A612-B2F52BD79FBF}.Release|Any CPU.Build.0 = Release|Any CPU
	EndGlobalSection
	GlobalSection(SolutionProperties) = preSolution
		HideSolutionNode = FALSE
	EndGlobalSection
	GlobalSection(ExtensibilityGlobals) = postSolution
		SolutionGuid = {94549F7F-F66B-4417-8144-0C64EA829B28}
	EndGlobalSection
EndGlobal
